
Microsoft Visual Studio Solution File, Format Version 12.00
# Visual Studio Version 16
VisualStudioVersion = 16.0.32602.291
MinimumVisualStudioVersion = 10.0.40219.1
Project("{FAE04EC0-301F-11D3-BF4B-00C04F79EFBC}") = "CarShowRoom", "CarShowRoom\CarShowRoom.csproj", "{582675DF-8309-407D-8597-F7E2BBBCE229}"
EndProject
Global
	GlobalSection(SolutionConfigurationPlatforms) = preSolution
		Debug|Any CPU = Debug|Any CPU
		Release|Any CPU = Release|Any CPU
	EndGlobalSection
	GlobalSection(ProjectConfigurationPlatforms) = postSolution
		{582675DF-8309-407D-8597-F7E2BBBCE229}.Debug|Any CPU.ActiveCfg = Debug|Any CPU
		{582675DF-8309-407D-8597-F7E2BBBCE229}.Debug|Any CPU.Build.0 = Debug|Any CPU
		{582675DF-8309-407D-8597-F7E2BBBCE229}.Release|Any CPU.ActiveCfg = Release|Any CPU
		{582675DF-8309-407D-8597-F7E2BBBCE229}.Release|Any CPU.Build.0 = Release|Any CPU
	EndGlobalSection
	GlobalSection(SolutionProperties) = preSolution
		HideSolutionNode = FALSE
	EndGlobalSection
	GlobalSection(ExtensibilityGlobals) = postSolution
		SolutionGuid = {4C88159A-4742-4A6A-82B3-00911441EDD9}
	EndGlobalSection
EndGlobal
